
Microsoft Visual Studio Solution File, Format Version 11.00
# Visual C# Express 2010
Project("{FAE04EC0-301F-11D3-BF4B-00C04F79EFBC}") = "BrawlLib", "BrawlLib\BrawlLib.csproj", "{462D0BBF-CE82-405B-8848-2F91E9E14C55}"
EndProject
Project("{FAE04EC0-301F-11D3-BF4B-00C04F79EFBC}") = "BrawlBox", "BrawlBox\BrawlBox.csproj", "{0B8588FD-74EE-4A7D-A397-91EA3F6A2C77}"
EndProject
Project("{FAE04EC0-301F-11D3-BF4B-00C04F79EFBC}") = "BrawlCmd", "BrawlCmd\BrawlCmd.csproj", "{D6F2B214-C2EB-4629-86C5-765457A7BB99}"
EndProject
Global
	GlobalSection(SolutionConfigurationPlatforms) = preSolution
		Debug|Any CPU = Debug|Any CPU
		Debug|Mixed Platforms = Debug|Mixed Platforms
		Debug|x86 = Debug|x86
		Documentation|Any CPU = Documentation|Any CPU
		Documentation|Mixed Platforms = Documentation|Mixed Platforms
		Documentation|x86 = Documentation|x86
		Nsis|Any CPU = Nsis|Any CPU
		Nsis|Mixed Platforms = Nsis|Mixed Platforms
		Nsis|x86 = Nsis|x86
		Release|Any CPU = Release|Any CPU
		Release|Mixed Platforms = Release|Mixed Platforms
		Release|x86 = Release|x86
	EndGlobalSection
	GlobalSection(ProjectConfigurationPlatforms) = postSolution
		{462D0BBF-CE82-405B-8848-2F91E9E14C55}.Debug|Any CPU.ActiveCfg = Debug|Any CPU
		{462D0BBF-CE82-405B-8848-2F91E9E14C55}.Debug|Any CPU.Build.0 = Debug|Any CPU
		{462D0BBF-CE82-405B-8848-2F91E9E14C55}.Debug|Mixed Platforms.ActiveCfg = Debug|x86
		{462D0BBF-CE82-405B-8848-2F91E9E14C55}.Debug|Mixed Platforms.Build.0 = Debug|x86
		{462D0BBF-CE82-405B-8848-2F91E9E14C55}.Debug|x86.ActiveCfg = Debug|x86
		{462D0BBF-CE82-405B-8848-2F91E9E14C55}.Debug|x86.Build.0 = Debug|x86
		{462D0BBF-CE82-405B-8848-2F91E9E14C55}.Documentation|Any CPU.ActiveCfg = Debug|x64
		{462D0BBF-CE82-405B-8848-2F91E9E14C55}.Documentation|Mixed Platforms.ActiveCfg = Debug|x64
		{462D0BBF-CE82-405B-8848-2F91E9E14C55}.Documentation|Mixed Platforms.Build.0 = Debug|x64
		{462D0BBF-CE82-405B-8848-2F91E9E14C55}.Documentation|x86.ActiveCfg = Debug|x64
		{462D0BBF-CE82-405B-8848-2F91E9E14C55}.Nsis|Any CPU.ActiveCfg = Release|x64
		{462D0BBF-CE82-405B-8848-2F91E9E14C55}.Nsis|Mixed Platforms.ActiveCfg = Release|x64
		{462D0BBF-CE82-405B-8848-2F91E9E14C55}.Nsis|Mixed Platforms.Build.0 = Release|x64
		{462D0BBF-CE82-405B-8848-2F91E9E14C55}.Nsis|x86.ActiveCfg = Release|x64
		{462D0BBF-CE82-405B-8848-2F91E9E14C55}.Release|Any CPU.ActiveCfg = Release|Any CPU
		{462D0BBF-CE82-405B-8848-2F91E9E14C55}.Release|Any CPU.Build.0 = Release|Any CPU
		{462D0BBF-CE82-405B-8848-2F91E9E14C55}.Release|Mixed Platforms.ActiveCfg = Release|x64
		{462D0BBF-CE82-405B-8848-2F91E9E14C55}.Release|Mixed Platforms.Build.0 = Release|x64
		{462D0BBF-CE82-405B-8848-2F91E9E14C55}.Release|x86.ActiveCfg = Release|x86
		{462D0BBF-CE82-405B-8848-2F91E9E14C55}.Release|x86.Build.0 = Release|x86
		{0B8588FD-74EE-4A7D-A397-91EA3F6A2C77}.Debug|Any CPU.ActiveCfg = Debug|Any CPU
		{0B8588FD-74EE-4A7D-A397-91EA3F6A2C77}.Debug|Any CPU.Build.0 = Debug|Any CPU
		{0B8588FD-74EE-4A7D-A397-91EA3F6A2C77}.Debug|Mixed Platforms.ActiveCfg = Debug|x86
		{0B8588FD-74EE-4A7D-A397-91EA3F6A2C77}.Debug|Mixed Platforms.Build.0 = Debug|x86
		{0B8588FD-74EE-4A7D-A397-91EA3F6A2C77}.Debug|x86.ActiveCfg = Debug|x86
		{0B8588FD-74EE-4A7D-A397-91EA3F6A2C77}.Debug|x86.Build.0 = Debug|x86
		{0B8588FD-74EE-4A7D-A397-91EA3F6A2C77}.Documentation|Any CPU.ActiveCfg = Debug|Any CPU
		{0B8588FD-74EE-4A7D-A397-91EA3F6A2C77}.Documentation|Any CPU.Build.0 = Debug|Any CPU
		{0B8588FD-74EE-4A7D-A397-91EA3F6A2C77}.Documentation|Mixed Platforms.ActiveCfg = Debug|Any CPU
		{0B8588FD-74EE-4A7D-A397-91EA3F6A2C77}.Documentation|Mixed Platforms.Build.0 = Debug|Any CPU
		{0B8588FD-74EE-4A7D-A397-91EA3F6A2C77}.Documentation|x86.ActiveCfg = Debug|Any CPU
		{0B8588FD-74EE-4A7D-A397-91EA3F6A2C77}.Nsis|Any CPU.ActiveCfg = Release|Any CPU
		{0B8588FD-74EE-4A7D-A397-91EA3F6A2C77}.Nsis|Any CPU.Build.0 = Release|Any CPU
		{0B8588FD-74EE-4A7D-A397-91EA3F6A2C77}.Nsis|Mixed Platforms.ActiveCfg = Release|Any CPU
		{0B8588FD-74EE-4A7D-A397-91EA3F6A2C77}.Nsis|Mixed Platforms.Build.0 = Release|Any CPU
		{0B8588FD-74EE-4A7D-A397-91EA3F6A2C77}.Nsis|x86.ActiveCfg = Release|Any CPU
		{0B8588FD-74EE-4A7D-A397-91EA3F6A2C77}.Release|Any CPU.ActiveCfg = Release|x86
		{0B8588FD-74EE-4A7D-A397-91EA3F6A2C77}.Release|Mixed Platforms.ActiveCfg = Release|x86
		{0B8588FD-74EE-4A7D-A397-91EA3F6A2C77}.Release|Mixed Platforms.Build.0 = Release|x86
		{0B8588FD-74EE-4A7D-A397-91EA3F6A2C77}.Release|x86.ActiveCfg = Release|x86
		{0B8588FD-74EE-4A7D-A397-91EA3F6A2C77}.Release|x86.Build.0 = Release|x86
		{D6F2B214-C2EB-4629-86C5-765457A7BB99}.Debug|Any CPU.ActiveCfg = Debug|Any CPU
		{D6F2B214-C2EB-4629-86C5-765457A7BB99}.Debug|Mixed Platforms.ActiveCfg = Debug|x86
		{D6F2B214-C2EB-4629-86C5-765457A7BB99}.Debug|Mixed Platforms.Build.0 = Debug|x86
		{D6F2B214-C2EB-4629-86C5-765457A7BB99}.Debug|x86.ActiveCfg = Debug|x86
		{D6F2B214-C2EB-4629-86C5-765457A7BB99}.Debug|x86.Build.0 = Debug|x86
		{D6F2B214-C2EB-4629-86C5-765457A7BB99}.Documentation|Any CPU.ActiveCfg = Debug|Any CPU
		{D6F2B214-C2EB-4629-86C5-765457A7BB99}.Documentation|Any CPU.Build.0 = Debug|Any CPU
		{D6F2B214-C2EB-4629-86C5-765457A7BB99}.Documentation|Mixed Platforms.ActiveCfg = Debug|Any CPU
		{D6F2B214-C2EB-4629-86C5-765457A7BB99}.Documentation|Mixed Platforms.Build.0 = Debug|Any CPU
		{D6F2B214-C2EB-4629-86C5-765457A7BB99}.Documentation|x86.ActiveCfg = Debug|Any CPU
		{D6F2B214-C2EB-4629-86C5-765457A7BB99}.Nsis|Any CPU.ActiveCfg = Release|Any CPU
		{D6F2B214-C2EB-4629-86C5-765457A7BB99}.Nsis|Any CPU.Build.0 = Release|Any CPU
		{D6F2B214-C2EB-4629-86C5-765457A7BB99}.Nsis|Mixed Platforms.ActiveCfg = Release|Any CPU
		{D6F2B214-C2EB-4629-86C5-765457A7BB99}.Nsis|Mixed Platforms.Build.0 = Release|Any CPU
		{D6F2B214-C2EB-4629-86C5-765457A7BB99}.Nsis|x86.ActiveCfg = Release|Any CPU
		{D6F2B214-C2EB-4629-86C5-765457A7BB99}.Release|Any CPU.ActiveCfg = Release|x86
		{D6F2B214-C2EB-4629-86C5-765457A7BB99}.Release|Mixed Platforms.ActiveCfg = Release|x86
		{D6F2B214-C2EB-4629-86C5-765457A7BB99}.Release|Mixed Platforms.Build.0 = Release|x86
		{D6F2B214-C2EB-4629-86C5-765457A7BB99}.Release|x86.ActiveCfg = Release|x86
		{D6F2B214-C2EB-4629-86C5-765457A7BB99}.Release|x86.Build.0 = Release|x86
	EndGlobalSection
	GlobalSection(SolutionProperties) = preSolution
		HideSolutionNode = FALSE
	EndGlobalSection
	GlobalSection(MonoDevelopProperties) = preSolution
		StartupItem = BrawlBox\BrawlBox.csproj
	EndGlobalSection
	GlobalSection(SubversionScc) = preSolution
		Svn-Managed = True
		Manager = AnkhSVN - Subversion Support for Visual Studio
	EndGlobalSection
EndGlobal
